
Microsoft Visual Studio Solution File, Format Version 12.00
# Visual Studio 2015
Project("{FAE04EC0-301F-11D3-BF4B-00C04F79EFBC}") = "Test project.CSharp", "Test project.CSharp.csproj", "{C644BF48-EEE3-3688-CD5F-DFF6395BAEE8}"
EndProject
Project("{FAE04EC0-301F-11D3-BF4B-00C04F79EFBC}") = "Test project.CSharp.Editor", "Test project.CSharp.Editor.csproj", "{7EF302B2-3214-158C-2AB2-F887F5761821}"
EndProject
Global
	GlobalSection(SolutionConfigurationPlatforms) = preSolution
		Debug|Any CPU = Debug|Any CPU
		Release|Any CPU = Release|Any CPU
	EndGlobalSection
	GlobalSection(ProjectConfigurationPlatforms) = postSolution
		{C644BF48-EEE3-3688-CD5F-DFF6395BAEE8}.Debug|Any CPU.ActiveCfg = Debug|Any CPU
		{C644BF48-EEE3-3688-CD5F-DFF6395BAEE8}.Debug|Any CPU.Build.0 = Debug|Any CPU
		{C644BF48-EEE3-3688-CD5F-DFF6395BAEE8}.Release|Any CPU.ActiveCfg = Release|Any CPU
		{C644BF48-EEE3-3688-CD5F-DFF6395BAEE8}.Release|Any CPU.Build.0 = Release|Any CPU
		{7EF302B2-3214-158C-2AB2-F887F5761821}.Debug|Any CPU.ActiveCfg = Debug|Any CPU
		{7EF302B2-3214-158C-2AB2-F887F5761821}.Debug|Any CPU.Build.0 = Debug|Any CPU
		{7EF302B2-3214-158C-2AB2-F887F5761821}.Release|Any CPU.ActiveCfg = Release|Any CPU
		{7EF302B2-3214-158C-2AB2-F887F5761821}.Release|Any CPU.Build.0 = Release|Any CPU
	EndGlobalSection
	GlobalSection(SolutionProperties) = preSolution
		HideSolutionNode = FALSE
	EndGlobalSection
EndGlobal
